// !$*UTF8*$!
{
	archiveVersion = 1;
	classes = {
	};
	objectVersion = 50;
	objects = {

/* Begin PBXBuildFile section */
		AC65C0B1254FDC660006B9F8 /* AppDelegate.swift in Sources */ = {isa = PBXBuildFile; fileRef = AC65C0B0254FDC660006B9F8 /* AppDelegate.swift */; };
		AC65C0B3254FDC660006B9F8 /* SceneDelegate.swift in Sources */ = {isa = PBXBuildFile; fileRef = AC65C0B2254FDC660006B9F8 /* SceneDelegate.swift */; };
		AC65C0B5254FDC660006B9F8 /* ViewController.swift in Sources */ = {isa = PBXBuildFile; fileRef = AC65C0B4254FDC660006B9F8 /* ViewController.swift */; };
		AC65C0B8254FDC660006B9F8 /* Main.storyboard in Resources */ = {isa = PBXBuildFile; fileRef = AC65C0B6254FDC660006B9F8 /* Main.storyboard */; };
		AC65C0BA254FDC670006B9F8 /* Assets.xcassets in Resources */ = {isa = PBXBuildFile; fileRef = AC65C0B9254FDC670006B9F8 /* Assets.xcassets */; };
		AC65C0BD254FDC670006B9F8 /* LaunchScreen.storyboard in Resources */ = {isa = PBXBuildFile; fileRef = AC65C0BB254FDC670006B9F8 /* LaunchScreen.storyboard */; };
		AC65C0C8254FDC670006B9F8 /* Skillbox2_4CounterTests.swift in Sources */ = {isa = PBXBuildFile; fileRef = AC65C0C7254FDC670006B9F8 /* Skillbox2_4CounterTests.swift */; };
		AC65C0D3254FDC670006B9F8 /* Skillbox2_4CounterUITests.swift in Sources */ = {isa = PBXBuildFile; fileRef = AC65C0D2254FDC670006B9F8 /* Skillbox2_4CounterUITests.swift */; };
/* End PBXBuildFile section */

/* Begin PBXContainerItemProxy section */
		AC65C0C4254FDC670006B9F8 /* PBXContainerItemProxy */ = {
			isa = PBXContainerItemProxy;
			containerPortal = AC65C0A5254FDC660006B9F8 /* Project object */;
			proxyType = 1;
			remoteGlobalIDString = AC65C0AC254FDC660006B9F8;
			remoteInfo = Skillbox2.4Counter;
		};
		AC65C0CF254FDC670006B9F8 /* PBXContainerItemProxy */ = {
			isa = PBXContainerItemProxy;
			containerPortal = AC65C0A5254FDC660006B9F8 /* Project object */;
			proxyType = 1;
			remoteGlobalIDString = AC65C0AC254FDC660006B9F8;
			remoteInfo = Skillbox2.4Counter;
		};
/* End PBXContainerItemProxy section */

/* Begin PBXFileReference section */
		AC65C0AD254FDC660006B9F8 /* Skillbox2.4Counter.app */ = {isa = PBXFileReference; explicitFileType = wrapper.application; includeInIndex = 0; path = Skillbox2.4Counter.app; sourceTree = BUILT_PRODUCTS_DIR; };
		AC65C0B0254FDC660006B9F8 /* AppDelegate.swift */ = {isa = PBXFileReference; lastKnownFileType = sourcecode.swift; path = AppDelegate.swift; sourceTree = "<group>"; };
		AC65C0B2254FDC660006B9F8 /* SceneDelegate.swift */ = {isa = PBXFileReference; lastKnownFileType = sourcecode.swift; path = SceneDelegate.swift; sourceTree = "<group>"; };
		AC65C0B4254FDC660006B9F8 /* ViewController.swift */ = {isa = PBXFileReference; lastKnownFileType = sourcecode.swift; path = ViewController.swift; sourceTree = "<group>"; };
		AC65C0B7254FDC660006B9F8 /* Base */ = {isa = PBXFileReference; lastKnownFileType = file.storyboard; name = Base; path = Base.lproj/Main.storyboard; sourceTree = "<group>"; };
		AC65C0B9254FDC670006B9F8 /* Assets.xcassets */ = {isa = PBXFileReference; lastKnownFileType = folder.assetcatalog; path = Assets.xcassets; sourceTree = "<group>"; };
		AC65C0BC254FDC670006B9F8 /* Base */ = {isa = PBXFileReference; lastKnownFileType = file.storyboard; name = Base; path = Base.lproj/LaunchScreen.storyboard; sourceTree = "<group>"; };
		AC65C0BE254FDC670006B9F8 /* Info.plist */ = {isa = PBXFileReference; lastKnownFileType = text.plist.xml; path = Info.plist; sourceTree = "<group>"; };
		AC65C0C3254FDC670006B9F8 /* Skillbox2.4CounterTests.xctest */ = {isa = PBXFileReference; explicitFileType = wrapper.cfbundle; includeInIndex = 0; path = Skillbox2.4CounterTests.xctest; sourceTree = BUILT_PRODUCTS_DIR; };
		AC65C0C7254FDC670006B9F8 /* Skillbox2_4CounterTests.swift */ = {isa = PBXFileReference; lastKnownFileType = sourcecode.swift; path = Skillbox2_4CounterTests.swift; sourceTree = "<group>"; };
		AC65C0C9254FDC670006B9F8 /* Info.plist */ = {isa = PBXFileReference; lastKnownFileType = text.plist.xml; path = Info.plist; sourceTree = "<group>"; };
		AC65C0CE254FDC670006B9F8 /* Skillbox2.4CounterUITests.xctest */ = {isa = PBXFileReference; explicitFileType = wrapper.cfbundle; includeInIndex = 0; path = Skillbox2.4CounterUITests.xctest; sourceTree = BUILT_PRODUCTS_DIR; };
		AC65C0D2254FDC670006B9F8 /* Skillbox2_4CounterUITests.swift */ = {isa = PBXFileReference; lastKnownFileType = sourcecode.swift; path = Skillbox2_4CounterUITests.swift; sourceTree = "<group>"; };
		AC65C0D4254FDC670006B9F8 /* Info.plist */ = {isa = PBXFileReference; lastKnownFileType = text.plist.xml; path = Info.plist; sourceTree = "<group>"; };
/* End PBXFileReference section */

/* Begin PBXFrameworksBuildPhase section */
		AC65C0AA254FDC660006B9F8 /* Frameworks */ = {
			isa = PBXFrameworksBuildPhase;
			buildActionMask = 2147483647;
			files = (
			);
			runOnlyForDeploymentPostprocessing = 0;
		};
		AC65C0C0254FDC670006B9F8 /* Frameworks */ = {
			isa = PBXFrameworksBuildPhase;
			buildActionMask = 2147483647;
			files = (
			);
			runOnlyForDeploymentPostprocessing = 0;
		};
		AC65C0CB254FDC670006B9F8 /* Frameworks */ = {
			isa = PBXFrameworksBuildPhase;
			buildActionMask = 2147483647;
			files = (
			);
			runOnlyForDeploymentPostprocessing = 0;
		};
/* End PBXFrameworksBuildPhase section */

/* Begin PBXGroup section */
		AC65C0A4254FDC660006B9F8 = {
			isa = PBXGroup;
			children = (
				AC65C0AF254FDC660006B9F8 /* Skillbox2.4Counter */,
				AC65C0C6254FDC670006B9F8 /* Skillbox2.4CounterTests */,
				AC65C0D1254FDC670006B9F8 /* Skillbox2.4CounterUITests */,
				AC65C0AE254FDC660006B9F8 /* Products */,
			);
			sourceTree = "<group>";
		};
		AC65C0AE254FDC660006B9F8 /* Products */ = {
			isa = PBXGroup;
			children = (
				AC65C0AD254FDC660006B9F8 /* Skillbox2.4Counter.app */,
				AC65C0C3254FDC670006B9F8 /* Skillbox2.4CounterTests.xctest */,
				AC65C0CE254FDC670006B9F8 /* Skillbox2.4CounterUITests.xctest */,
			);
			name = Products;
			sourceTree = "<group>";
		};
		AC65C0AF254FDC660006B9F8 /* Skillbox2.4Counter */ = {
			isa = PBXGroup;
			children = (
				AC65C0B0254FDC660006B9F8 /* AppDelegate.swift */,
				AC65C0B2254FDC660006B9F8 /* SceneDelegate.swift */,
				AC65C0B4254FDC660006B9F8 /* ViewController.swift */,
				AC65C0B6254FDC660006B9F8 /* Main.storyboard */,
				AC65C0B9254FDC670006B9F8 /* Assets.xcassets */,
				AC65C0BB254FDC670006B9F8 /* LaunchScreen.storyboard */,
				AC65C0BE254FDC670006B9F8 /* Info.plist */,
			);
			path = Skillbox2.4Counter;
			sourceTree = "<group>";
		};
		AC65C0C6254FDC670006B9F8 /* Skillbox2.4CounterTests */ = {
			isa = PBXGroup;
			children = (
				AC65C0C7254FDC670006B9F8 /* Skillbox2_4CounterTests.swift */,
				AC65C0C9254FDC670006B9F8 /* Info.plist */,
			);
			path = Skillbox2.4CounterTests;
			sourceTree = "<group>";
		};
		AC65C0D1254FDC670006B9F8 /* Skillbox2.4CounterUITests */ = {
			isa = PBXGroup;
			children = (
				AC65C0D2254FDC670006B9F8 /* Skillbox2_4CounterUITests.swift */,
				AC65C0D4254FDC670006B9F8 /* Info.plist */,
			);
			path = Skillbox2.4CounterUITests;
			sourceTree = "<group>";
		};
/* End PBXGroup section */

/* Begin PBXNativeTarget section */
		AC65C0AC254FDC660006B9F8 /* Skillbox2.4Counter */ = {
			isa = PBXNativeTarget;
			buildConfigurationList = AC65C0D7254FDC670006B9F8 /* Build configuration list for PBXNativeTarget "Skillbox2.4Counter" */;
			buildPhases = (
				AC65C0A9254FDC660006B9F8 /* Sources */,
				AC65C0AA254FDC660006B9F8 /* Frameworks */,
				AC65C0AB254FDC660006B9F8 /* Resources */,
			);
			buildRules = (
			);
			dependencies = (
			);
			name = Skillbox2.4Counter;
			productName = Skillbox2.4Counter;
			productReference = AC65C0AD254FDC660006B9F8 /* Skillbox2.4Counter.app */;
			productType = "com.apple.product-type.application";
		};
		AC65C0C2254FDC670006B9F8 /* Skillbox2.4CounterTests */ = {
			isa = PBXNativeTarget;
			buildConfigurationList = AC65C0DA254FDC670006B9F8 /* Build configuration list for PBXNativeTarget "Skillbox2.4CounterTests" */;
			buildPhases = (
				AC65C0BF254FDC670006B9F8 /* Sources */,
				AC65C0C0254FDC670006B9F8 /* Frameworks */,
				AC65C0C1254FDC670006B9F8 /* Resources */,
			);
			buildRules = (
			);
			dependencies = (
				AC65C0C5254FDC670006B9F8 /* PBXTargetDependency */,
			);
			name = Skillbox2.4CounterTests;
			productName = Skillbox2.4CounterTests;
			productReference = AC65C0C3254FDC670006B9F8 /* Skillbox2.4CounterTests.xctest */;
			productType = "com.apple.product-type.bundle.unit-test";
		};
		AC65C0CD254FDC670006B9F8 /* Skillbox2.4CounterUITests */ = {
			isa = PBXNativeTarget;
			buildConfigurationList = AC65C0DD254FDC670006B9F8 /* Build configuration list for PBXNativeTarget "Skillbox2.4CounterUITests" */;
			buildPhases = (
				AC65C0CA254FDC670006B9F8 /* Sources */,
				AC65C0CB254FDC670006B9F8 /* Frameworks */,
				AC65C0CC254FDC670006B9F8 /* Resources */,
			);
			buildRules = (
			);
			dependencies = (
				AC65C0D0254FDC670006B9F8 /* PBXTargetDependency */,
			);
			name = Skillbox2.4CounterUITests;
			productName = Skillbox2.4CounterUITests;
			productReference = AC65C0CE254FDC670006B9F8 /* Skillbox2.4CounterUITests.xctest */;
			productType = "com.apple.product-type.bundle.ui-testing";
		};
/* End PBXNativeTarget section */

/* Begin PBXProject section */
		AC65C0A5254FDC660006B9F8 /* Project object */ = {
			isa = PBXProject;
			attributes = {
				LastSwiftUpdateCheck = 1210;
				LastUpgradeCheck = 1210;
				TargetAttributes = {
					AC65C0AC254FDC660006B9F8 = {
						CreatedOnToolsVersion = 12.1;
					};
					AC65C0C2254FDC670006B9F8 = {
						CreatedOnToolsVersion = 12.1;
						TestTargetID = AC65C0AC254FDC660006B9F8;
					};
					AC65C0CD254FDC670006B9F8 = {
						CreatedOnToolsVersion = 12.1;
						TestTargetID = AC65C0AC254FDC660006B9F8;
					};
				};
			};
			buildConfigurationList = AC65C0A8254FDC660006B9F8 /* Build configuration list for PBXProject "Skillbox2.4Counter" */;
			compatibilityVersion = "Xcode 9.3";
			developmentRegion = en;
			hasScannedForEncodings = 0;
			knownRegions = (
				en,
				Base,
			);
			mainGroup = AC65C0A4254FDC660006B9F8;
			productRefGroup = AC65C0AE254FDC660006B9F8 /* Products */;
			projectDirPath = "";
			projectRoot = "";
			targets = (
				AC65C0AC254FDC660006B9F8 /* Skillbox2.4Counter */,
				AC65C0C2254FDC670006B9F8 /* Skillbox2.4CounterTests */,
				AC65C0CD254FDC670006B9F8 /* Skillbox2.4CounterUITests */,
			);
		};
/* End PBXProject section */

/* Begin PBXResourcesBuildPhase section */
		AC65C0AB254FDC660006B9F8 /* Resources */ = {
			isa = PBXResourcesBuildPhase;
			buildActionMask = 2147483647;
			files = (
				AC65C0BD254FDC670006B9F8 /* LaunchScreen.storyboard in Resources */,
				AC65C0BA254FDC670006B9F8 /* Assets.xcassets in Resources */,
				AC65C0B8254FDC660006B9F8 /* Main.storyboard in Resources */,
			);
			runOnlyForDeploymentPostprocessing = 0;
		};
		AC65C0C1254FDC670006B9F8 /* Resources */ = {
			isa = PBXResourcesBuildPhase;
			buildActionMask = 2147483647;
			files = (
			);
			runOnlyForDeploymentPostprocessing = 0;
		};
		AC65C0CC254FDC670006B9F8 /* Resources */ = {
			isa = PBXResourcesBuildPhase;
			buildActionMask = 2147483647;
			files = (
			);
			runOnlyForDeploymentPostprocessing = 0;
		};
/* End PBXResourcesBuildPhase section */

/* Begin PBXSourcesBuildPhase section */
		AC65C0A9254FDC660006B9F8 /* Sources */ = {
			isa = PBXSourcesBuildPhase;
			buildActionMask = 2147483647;
			files = (
				AC65C0B5254FDC660006B9F8 /* ViewController.swift in Sources */,
				AC65C0B1254FDC660006B9F8 /* AppDelegate.swift in Sources */,
				AC65C0B3254FDC660006B9F8 /* SceneDelegate.swift in Sources */,
			);
			runOnlyForDeploymentPostprocessing = 0;
		};
		AC65C0BF254FDC670006B9F8 /* Sources */ = {
			isa = PBXSourcesBuildPhase;
			buildActionMask = 2147483647;
			files = (
				AC65C0C8254FDC670006B9F8 /* Skillbox2_4CounterTests.swift in Sources */,
			);
			runOnlyForDeploymentPostprocessing = 0;
		};
		AC65C0CA254FDC670006B9F8 /* Sources */ = {
			isa = PBXSourcesBuildPhase;
			buildActionMask = 2147483647;
			files = (
				AC65C0D3254FDC670006B9F8 /* Skillbox2_4CounterUITests.swift in Sources */,
			);
			runOnlyForDeploymentPostprocessing = 0;
		};
/* End PBXSourcesBuildPhase section */

/* Begin PBXTargetDependency section */
		AC65C0C5254FDC670006B9F8 /* PBXTargetDependency */ = {
			isa = PBXTargetDependency;
			target = AC65C0AC254FDC660006B9F8 /* Skillbox2.4Counter */;
			targetProxy = AC65C0C4254FDC670006B9F8 /* PBXContainerItemProxy */;
		};
		AC65C0D0254FDC670006B9F8 /* PBXTargetDependency */ = {
			isa = PBXTargetDependency;
			target = AC65C0AC254FDC660006B9F8 /* Skillbox2.4Counter */;
			targetProxy = AC65C0CF254FDC670006B9F8 /* PBXContainerItemProxy */;
		};
/* End PBXTargetDependency section */

/* Begin PBXVariantGroup section */
		AC65C0B6254FDC660006B9F8 /* Main.storyboard */ = {
			isa = PBXVariantGroup;
			children = (
				AC65C0B7254FDC660006B9F8 /* Base */,
			);
			name = Main.storyboard;
			sourceTree = "<group>";
		};
		AC65C0BB254FDC670006B9F8 /* LaunchScreen.storyboard */ = {
			isa = PBXVariantGroup;
			children = (
				AC65C0BC254FDC670006B9F8 /* Base */,
			);
			name = LaunchScreen.storyboard;
			sourceTree = "<group>";
		};
/* End PBXVariantGroup section */

/* Begin XCBuildConfiguration section */
		AC65C0D5254FDC670006B9F8 /* Debug */ = {
			isa = XCBuildConfiguration;
			buildSettings = {
				ALWAYS_SEARCH_USER_PATHS = NO;
				CLANG_ANALYZER_NONNULL = YES;
				CLANG_ANALYZER_NUMBER_OBJECT_CONVERSION = YES_AGGRESSIVE;
				CLANG_CXX_LANGUAGE_STANDARD = "gnu++14";
				CLANG_CXX_LIBRARY = "libc++";
				CLANG_ENABLE_MODULES = YES;
				CLANG_ENABLE_OBJC_ARC = YES;
				CLANG_ENABLE_OBJC_WEAK = YES;
				CLANG_WARN_BLOCK_CAPTURE_AUTORELEASING = YES;
				CLANG_WARN_BOOL_CONVERSION = YES;
				CLANG_WARN_COMMA = YES;
				CLANG_WARN_CONSTANT_CONVERSION = YES;
				CLANG_WARN_DEPRECATED_OBJC_IMPLEMENTATIONS = YES;
				CLANG_WARN_DIRECT_OBJC_ISA_USAGE = YES_ERROR;
				CLANG_WARN_DOCUMENTATION_COMMENTS = YES;
				CLANG_WARN_EMPTY_BODY = YES;
				CLANG_WARN_ENUM_CONVERSION = YES;
				CLANG_WARN_INFINITE_RECURSION = YES;
				CLANG_WARN_INT_CONVERSION = YES;
				CLANG_WARN_NON_LITERAL_NULL_CONVERSION = YES;
				CLANG_WARN_OBJC_IMPLICIT_RETAIN_SELF = YES;
				CLANG_WARN_OBJC_LITERAL_CONVERSION = YES;
				CLANG_WARN_OBJC_ROOT_CLASS = YES_ERROR;
				CLANG_WARN_QUOTED_INCLUDE_IN_FRAMEWORK_HEADER = YES;
				CLANG_WARN_RANGE_LOOP_ANALYSIS = YES;
				CLANG_WARN_STRICT_PROTOTYPES = YES;
				CLANG_WARN_SUSPICIOUS_MOVE = YES;
				CLANG_WARN_UNGUARDED_AVAILABILITY = YES_AGGRESSIVE;
				CLANG_WARN_UNREACHABLE_CODE = YES;
				CLANG_WARN__DUPLICATE_METHOD_MATCH = YES;
				COPY_PHASE_STRIP = NO;
				DEBUG_INFORMATION_FORMAT = dwarf;
				ENABLE_STRICT_OBJC_MSGSEND = YES;
				ENABLE_TESTABILITY = YES;
				GCC_C_LANGUAGE_STANDARD = gnu11;
				GCC_DYNAMIC_NO_PIC = NO;
				GCC_NO_COMMON_BLOCKS = YES;
				GCC_OPTIMIZATION_LEVEL = 0;
				GCC_PREPROCESSOR_DEFINITIONS = (
					"DEBUG=1",
					"$(inherited)",
				);
				GCC_WARN_64_TO_32_BIT_CONVERSION = YES;
				GCC_WARN_ABOUT_RETURN_TYPE = YES_ERROR;
				GCC_WARN_UNDECLARED_SELECTOR = YES;
				GCC_WARN_UNINITIALIZED_AUTOS = YES_AGGRESSIVE;
				GCC_WARN_UNUSED_FUNCTION = YES;
				GCC_WARN_UNUSED_VARIABLE = YES;
				IPHONEOS_DEPLOYMENT_TARGET = 14.1;
				MTL_ENABLE_DEBUG_INFO = INCLUDE_SOURCE;
				MTL_FAST_MATH = YES;
				ONLY_ACTIVE_ARCH = YES;
				SDKROOT = iphoneos;
				SWIFT_ACTIVE_COMPILATION_CONDITIONS = DEBUG;
				SWIFT_OPTIMIZATION_LEVEL = "-Onone";
			};
			name = Debug;
		};
		AC65C0D6254FDC670006B9F8 /* Release */ = {
			isa = XCBuildConfiguration;
			buildSettings = {
				ALWAYS_SEARCH_USER_PATHS = NO;
				CLANG_ANALYZER_NONNULL = YES;
				CLANG_ANALYZER_NUMBER_OBJECT_CONVERSION = YES_AGGRESSIVE;
				CLANG_CXX_LANGUAGE_STANDARD = "gnu++14";
				CLANG_CXX_LIBRARY = "libc++";
				CLANG_ENABLE_MODULES = YES;
				CLANG_ENABLE_OBJC_ARC = YES;
				CLANG_ENABLE_OBJC_WEAK = YES;
				CLANG_WARN_BLOCK_CAPTURE_AUTORELEASING = YES;
				CLANG_WARN_BOOL_CONVERSION = YES;
				CLANG_WARN_COMMA = YES;
				CLANG_WARN_CONSTANT_CONVERSION = YES;
				CLANG_WARN_DEPRECATED_OBJC_IMPLEMENTATIONS = YES;
				CLANG_WARN_DIRECT_OBJC_ISA_USAGE = YES_ERROR;
				CLANG_WARN_DOCUMENTATION_COMMENTS = YES;
				CLANG_WARN_EMPTY_BODY = YES;
				CLANG_WARN_ENUM_CONVERSION = YES;
				CLANG_WARN_INFINITE_RECURSION = YES;
				CLANG_WARN_INT_CONVERSION = YES;
				CLANG_WARN_NON_LITERAL_NULL_CONVERSION = YES;
				CLANG_WARN_OBJC_IMPLICIT_RETAIN_SELF = YES;
				CLANG_WARN_OBJC_LITERAL_CONVERSION = YES;
				CLANG_WARN_OBJC_ROOT_CLASS = YES_ERROR;
				CLANG_WARN_QUOTED_INCLUDE_IN_FRAMEWORK_HEADER = YES;
				CLANG_WARN_RANGE_LOOP_ANALYSIS = YES;
				CLANG_WARN_STRICT_PROTOTYPES = YES;
				CLANG_WARN_SUSPICIOUS_MOVE = YES;
				CLANG_WARN_UNGUARDED_AVAILABILITY = YES_AGGRESSIVE;
				CLANG_WARN_UNREACHABLE_CODE = YES;
				CLANG_WARN__DUPLICATE_METHOD_MATCH = YES;
				COPY_PHASE_STRIP = NO;
				DEBUG_INFORMATION_FORMAT = "dwarf-with-dsym";
				ENABLE_NS_ASSERTIONS = NO;
				ENABLE_STRICT_OBJC_MSGSEND = YES;
				GCC_C_LANGUAGE_STANDARD = gnu11;
				GCC_NO_COMMON_BLOCKS = YES;
				GCC_WARN_64_TO_32_BIT_CONVERSION = YES;
				GCC_WARN_ABOUT_RETURN_TYPE = YES_ERROR;
				GCC_WARN_UNDECLARED_SELECTOR = YES;
				GCC_WARN_UNINITIALIZED_AUTOS = YES_AGGRESSIVE;
				GCC_WARN_UNUSED_FUNCTION = YES;
				GCC_WARN_UNUSED_VARIABLE = YES;
				IPHONEOS_DEPLOYMENT_TARGET = 14.1;
				MTL_ENABLE_DEBUG_INFO = NO;
				MTL_FAST_MATH = YES;
				SDKROOT = iphoneos;
				SWIFT_COMPILATION_MODE = wholemodule;
				SWIFT_OPTIMIZATION_LEVEL = "-O";
				VALIDATE_PRODUCT = YES;
			};
			name = Release;
		};
		AC65C0D8254FDC670006B9F8 /* Debug */ = {
			isa = XCBuildConfiguration;
			buildSettings = {
				ASSETCATALOG_COMPILER_APPICON_NAME = AppIcon;
				ASSETCATALOG_COMPILER_GLOBAL_ACCENT_COLOR_NAME = AccentColor;
				CODE_SIGN_STYLE = Automatic;
				DEVELOPMENT_TEAM = 7MQ354KRU3;
				INFOPLIST_FILE = Skillbox2.4Counter/Info.plist;
				LD_RUNPATH_SEARCH_PATHS = (
					"$(inherited)",
					"@executable_path/Frameworks",
				);
				PRODUCT_BUNDLE_IDENTIFIER = "ArtemA.Skillbox2-4Counter";
				PRODUCT_NAME = "$(TARGET_NAME)";
				SWIFT_VERSION = 5.0;
				TARGETED_DEVICE_FAMILY = "1,2";
			};
			name = Debug;
		};
		AC65C0D9254FDC670006B9F8 /* Release */ = {
			isa = XCBuildConfiguration;
			buildSettings = {
				ASSETCATALOG_COMPILER_APPICON_NAME = AppIcon;
				ASSETCATALOG_COMPILER_GLOBAL_ACCENT_COLOR_NAME = AccentColor;
				CODE_SIGN_STYLE = Automatic;
				DEVELOPMENT_TEAM = 7MQ354KRU3;
				INFOPLIST_FILE = Skillbox2.4Counter/Info.plist;
				LD_RUNPATH_SEARCH_PATHS = (
					"$(inherited)",
					"@executable_path/Frameworks",
				);
				PRODUCT_BUNDLE_IDENTIFIER = "ArtemA.Skillbox2-4Counter";
				PRODUCT_NAME = "$(TARGET_NAME)";
				SWIFT_VERSION = 5.0;
				TARGETED_DEVICE_FAMILY = "1,2";
			};
			name = Release;
		};
		AC65C0DB254FDC670006B9F8 /* Debug */ = {
			isa = XCBuildConfiguration;
			buildSettings = {
				ALWAYS_EMBED_SWIFT_STANDARD_LIBRARIES = YES;
				BUNDLE_LOADER = "$(TEST_HOST)";
				CODE_SIGN_STYLE = Automatic;
				DEVELOPMENT_TEAM = 7MQ354KRU3;
				INFOPLIST_FILE = Skillbox2.4CounterTests/Info.plist;
				IPHONEOS_DEPLOYMENT_TARGET = 14.1;
				LD_RUNPATH_SEARCH_PATHS = (
					"$(inherited)",
					"@executable_path/Frameworks",
					"@loader_path/Frameworks",
				);
				PRODUCT_BUNDLE_IDENTIFIER = "ArtemA.Skillbox2-4CounterTests";
				PRODUCT_NAME = "$(TARGET_NAME)";
				SWIFT_VERSION = 5.0;
				TARGETED_DEVICE_FAMILY = "1,2";
				TEST_HOST = "$(BUILT_PRODUCTS_DIR)/Skillbox2.4Counter.app/Skillbox2.4Counter";
			};
			name = Debug;
		};
		AC65C0DC254FDC670006B9F8 /* Release */ = {
			isa = XCBuildConfiguration;
			buildSettings = {
				ALWAYS_EMBED_SWIFT_STANDARD_LIBRARIES = YES;
				BUNDLE_LOADER = "$(TEST_HOST)";
				CODE_SIGN_STYLE = Automatic;
				DEVELOPMENT_TEAM = 7MQ354KRU3;
				INFOPLIST_FILE = Skillbox2.4CounterTests/Info.plist;
				IPHONEOS_DEPLOYMENT_TARGET = 14.1;
				LD_RUNPATH_SEARCH_PATHS = (
					"$(inherited)",
					"@executable_path/Frameworks",
					"@loader_path/Frameworks",
				);
				PRODUCT_BUNDLE_IDENTIFIER = "ArtemA.Skillbox2-4CounterTests";
				PRODUCT_NAME = "$(TARGET_NAME)";
				SWIFT_VERSION = 5.0;
				TARGETED_DEVICE_FAMILY = "1,2";
				TEST_HOST = "$(BUILT_PRODUCTS_DIR)/Skillbox2.4Counter.app/Skillbox2.4Counter";
			};
			name = Release;
		};
		AC65C0DE254FDC670006B9F8 /* Debug */ = {
			isa = XCBuildConfiguration;
			buildSettings = {
				ALWAYS_EMBED_SWIFT_STANDARD_LIBRARIES = YES;
				CODE_SIGN_STYLE = Automatic;
				DEVELOPMENT_TEAM = 7MQ354KRU3;
				INFOPLIST_FILE = Skillbox2.4CounterUITests/Info.plist;
				LD_RUNPATH_SEARCH_PATHS = (
					"$(inherited)",
					"@executable_path/Frameworks",
					"@loader_path/Frameworks",
				);
				PRODUCT_BUNDLE_IDENTIFIER = "ArtemA.Skillbox2-4CounterUITests";
				PRODUCT_NAME = "$(TARGET_NAME)";
				SWIFT_VERSION = 5.0;
				TARGETED_DEVICE_FAMILY = "1,2";
				TEST_TARGET_NAME = Skillbox2.4Counter;
			};
			name = Debug;
		};
		AC65C0DF254FDC670006B9F8 /* Release */ = {
			isa = XCBuildConfiguration;
			buildSettings = {
				ALWAYS_EMBED_SWIFT_STANDARD_LIBRARIES = YES;
				CODE_SIGN_STYLE = Automatic;
				DEVELOPMENT_TEAM = 7MQ354KRU3;
				INFOPLIST_FILE = Skillbox2.4CounterUITests/Info.plist;
				LD_RUNPATH_SEARCH_PATHS = (
					"$(inherited)",
					"@executable_path/Frameworks",
					"@loader_path/Frameworks",
				);
				PRODUCT_BUNDLE_IDENTIFIER = "ArtemA.Skillbox2-4CounterUITests";
				PRODUCT_NAME = "$(TARGET_NAME)";
				SWIFT_VERSION = 5.0;
				TARGETED_DEVICE_FAMILY = "1,2";
				TEST_TARGET_NAME = Skillbox2.4Counter;
			};
			name = Release;
		};
/* End XCBuildConfiguration section */

/* Begin XCConfigurationList section */
		AC65C0A8254FDC660006B9F8 /* Build configuration list for PBXProject "Skillbox2.4Counter" */ = {
			isa = XCConfigurationList;
			buildConfigurations = (
				AC65C0D5254FDC670006B9F8 /* Debug */,
				AC65C0D6254FDC670006B9F8 /* Release */,
			);
			defaultConfigurationIsVisible = 0;
			defaultConfigurationName = Release;
		};
		AC65C0D7254FDC670006B9F8 /* Build configuration list for PBXNativeTarget "Skillbox2.4Counter" */ = {
			isa = XCConfigurationList;
			buildConfigurations = (
				AC65C0D8254FDC670006B9F8 /* Debug */,
				AC65C0D9254FDC670006B9F8 /* Release */,
			);
			defaultConfigurationIsVisible = 0;
			defaultConfigurationName = Release;
		};
		AC65C0DA254FDC670006B9F8 /* Build configuration list for PBXNativeTarget "Skillbox2.4CounterTests" */ = {
			isa = XCConfigurationList;
			buildConfigurations = (
				AC65C0DB254FDC670006B9F8 /* Debug */,
				AC65C0DC254FDC670006B9F8 /* Release */,
			);
			defaultConfigurationIsVisible = 0;
			defaultConfigurationName = Release;
		};
		AC65C0DD254FDC670006B9F8 /* Build configuration list for PBXNativeTarget "Skillbox2.4CounterUITests" */ = {
			isa = XCConfigurationList;
			buildConfigurations = (
				AC65C0DE254FDC670006B9F8 /* Debug */,
				AC65C0DF254FDC670006B9F8 /* Release */,
			);
			defaultConfigurationIsVisible = 0;
			defaultConfigurationName = Release;
		};
/* End XCConfigurationList section */
	};
	rootObject = AC65C0A5254FDC660006B9F8 /* Project object */;
}
